
Microsoft Visual Studio Solution File, Format Version 12.00
# Visual Studio Version 17
VisualStudioVersion = 17.13.35806.99 d17.13
MinimumVisualStudioVersion = 10.0.40219.1
Project("{FAE04EC0-301F-11D3-BF4B-00C04F79EFBC}") = "TemperatureApi", "TemperatureApi\TemperatureApi.csproj", "{0A8A5366-D867-4DC3-9473-3BAC36DBAC78}"
EndProject
Global
	GlobalSection(SolutionConfigurationPlatforms) = preSolution
		Debug|Any CPU = Debug|Any CPU
		Release|Any CPU = Release|Any CPU
	EndGlobalSection
	GlobalSection(ProjectConfigurationPlatforms) = postSolution
		{0A8A5366-D867-4DC3-9473-3BAC36DBAC78}.Debug|Any CPU.ActiveCfg = Debug|Any CPU
		{0A8A5366-D867-4DC3-9473-3BAC36DBAC78}.Debug|Any CPU.Build.0 = Debug|Any CPU
		{0A8A5366-D867-4DC3-9473-3BAC36DBAC78}.Release|Any CPU.ActiveCfg = Release|Any CPU
		{0A8A5366-D867-4DC3-9473-3BAC36DBAC78}.Release|Any CPU.Build.0 = Release|Any CPU
	EndGlobalSection
	GlobalSection(SolutionProperties) = preSolution
		HideSolutionNode = FALSE
	EndGlobalSection
	GlobalSection(ExtensibilityGlobals) = postSolution
		SolutionGuid = {B75DB63E-BA44-4F55-BD14-928EB71B09C7}
	EndGlobalSection
EndGlobal
